
Microsoft Visual Studio Solution File, Format Version 12.00
# Visual Studio Version 16
VisualStudioVersion = 16.0.29215.179
MinimumVisualStudioVersion = 10.0.40219.1
Project("{FAE04EC0-301F-11D3-BF4B-00C04F79EFBC}") = "libplctag", "libplctag.csproj", "{5D3BE75F-9CE1-421A-9D61-99BE3FFE2C95}"
EndProject
Global
	GlobalSection(SolutionConfigurationPlatforms) = preSolution
		Debug|Any CPU = Debug|Any CPU
		Release|Any CPU = Release|Any CPU
	EndGlobalSection
	GlobalSection(ProjectConfigurationPlatforms) = postSolution
		{5D3BE75F-9CE1-421A-9D61-99BE3FFE2C95}.Debug|Any CPU.ActiveCfg = Debug|Any CPU
		{5D3BE75F-9CE1-421A-9D61-99BE3FFE2C95}.Debug|Any CPU.Build.0 = Debug|Any CPU
		{5D3BE75F-9CE1-421A-9D61-99BE3FFE2C95}.Release|Any CPU.ActiveCfg = Release|Any CPU
		{5D3BE75F-9CE1-421A-9D61-99BE3FFE2C95}.Release|Any CPU.Build.0 = Release|Any CPU
	EndGlobalSection
	GlobalSection(SolutionProperties) = preSolution
		HideSolutionNode = FALSE
	EndGlobalSection
	GlobalSection(ExtensibilityGlobals) = postSolution
		SolutionGuid = {60D73AA0-6194-495D-853D-10A5BE4A9280}
	EndGlobalSection
EndGlobal
