
Microsoft Visual Studio Solution File, Format Version 12.00
# Visual Studio Version 17
VisualStudioVersion = 17.2.32519.379
MinimumVisualStudioVersion = 10.0.40219.1
Project("{9A19103F-16F7-4668-BE54-9A1E7A4F7556}") = "libplctag", "libplctag\libplctag.csproj", "{A488D8F2-712F-440E-9024-F27A75FEB171}"
EndProject
Project("{9A19103F-16F7-4668-BE54-9A1E7A4F7556}") = "libplctag.NativeImport", "libplctag.NativeImport\libplctag.NativeImport.csproj", "{1D976518-8766-44DF-8DF9-636C8BD6FA24}"
EndProject
Project("{9A19103F-16F7-4668-BE54-9A1E7A4F7556}") = "libplctag.Tests", "libplctag.Tests\libplctag.Tests.csproj", "{2FCB9157-85F9-4631-838D-89CAC323397E}"
EndProject
Project("{9A19103F-16F7-4668-BE54-9A1E7A4F7556}") = "libplctag.NativeImport.Tests.NetCore.DirectDependency", "libplctag.NativeImport.Tests.NetCore.DirectDependency\libplctag.NativeImport.Tests.NetCore.DirectDependency.csproj", "{F61BD0F4-A382-48EC-B586-3E02466BE98A}"
EndProject
Project("{9A19103F-16F7-4668-BE54-9A1E7A4F7556}") = "libplctag.NativeImport.Tests.NetCore.TransitiveDependency", "libplctag.NativeImport.Tests.NetCore.TransitiveDependency\libplctag.NativeImport.Tests.NetCore.TransitiveDependency.csproj", "{4D7DA60C-2B66-4E12-986F-F2A901B2F7E0}"
EndProject
Project("{FAE04EC0-301F-11D3-BF4B-00C04F79EFBC}") = "libplctag.NativeImport.Tests.NetFramework.DirectDependency", "libplctag.NativeImport.Tests.NetFramework.DirectDependency\libplctag.NativeImport.Tests.NetFramework.DirectDependency.csproj", "{B8584170-3D77-4A0F-BD89-56C49AFF6069}"
EndProject
Project("{FAE04EC0-301F-11D3-BF4B-00C04F79EFBC}") = "libplctag.NativeImport.Tests.NetFramework.TransitiveDependency", "libplctag.NativeImport.Tests.NetFramework.TransitiveDependency\libplctag.NativeImport.Tests.NetFramework.TransitiveDependency.csproj", "{E5CA2CC4-D572-4606-8C7F-CE14B6A5BA4D}"
EndProject
Global
	GlobalSection(SolutionConfigurationPlatforms) = preSolution
		Debug|Any CPU = Debug|Any CPU
		Debug|x64 = Debug|x64
		Debug|x86 = Debug|x86
		Release|Any CPU = Release|Any CPU
		Release|x64 = Release|x64
		Release|x86 = Release|x86
	EndGlobalSection
	GlobalSection(ProjectConfigurationPlatforms) = postSolution
		{A488D8F2-712F-440E-9024-F27A75FEB171}.Debug|Any CPU.ActiveCfg = Debug|Any CPU
		{A488D8F2-712F-440E-9024-F27A75FEB171}.Debug|Any CPU.Build.0 = Debug|Any CPU
		{A488D8F2-712F-440E-9024-F27A75FEB171}.Debug|x64.ActiveCfg = Debug|Any CPU
		{A488D8F2-712F-440E-9024-F27A75FEB171}.Debug|x64.Build.0 = Debug|Any CPU
		{A488D8F2-712F-440E-9024-F27A75FEB171}.Debug|x86.ActiveCfg = Debug|Any CPU
		{A488D8F2-712F-440E-9024-F27A75FEB171}.Debug|x86.Build.0 = Debug|Any CPU
		{A488D8F2-712F-440E-9024-F27A75FEB171}.Release|Any CPU.ActiveCfg = Release|Any CPU
		{A488D8F2-712F-440E-9024-F27A75FEB171}.Release|Any CPU.Build.0 = Release|Any CPU
		{A488D8F2-712F-440E-9024-F27A75FEB171}.Release|x64.ActiveCfg = Release|Any CPU
		{A488D8F2-712F-440E-9024-F27A75FEB171}.Release|x64.Build.0 = Release|Any CPU
		{A488D8F2-712F-440E-9024-F27A75FEB171}.Release|x86.ActiveCfg = Release|Any CPU
		{A488D8F2-712F-440E-9024-F27A75FEB171}.Release|x86.Build.0 = Release|Any CPU
		{1D976518-8766-44DF-8DF9-636C8BD6FA24}.Debug|Any CPU.ActiveCfg = Debug|Any CPU
		{1D976518-8766-44DF-8DF9-636C8BD6FA24}.Debug|Any CPU.Build.0 = Debug|Any CPU
		{1D976518-8766-44DF-8DF9-636C8BD6FA24}.Debug|x64.ActiveCfg = Debug|Any CPU
		{1D976518-8766-44DF-8DF9-636C8BD6FA24}.Debug|x64.Build.0 = Debug|Any CPU
		{1D976518-8766-44DF-8DF9-636C8BD6FA24}.Debug|x86.ActiveCfg = Debug|Any CPU
		{1D976518-8766-44DF-8DF9-636C8BD6FA24}.Debug|x86.Build.0 = Debug|Any CPU
		{1D976518-8766-44DF-8DF9-636C8BD6FA24}.Release|Any CPU.ActiveCfg = Release|Any CPU
		{1D976518-8766-44DF-8DF9-636C8BD6FA24}.Release|Any CPU.Build.0 = Release|Any CPU
		{1D976518-8766-44DF-8DF9-636C8BD6FA24}.Release|x64.ActiveCfg = Release|Any CPU
		{1D976518-8766-44DF-8DF9-636C8BD6FA24}.Release|x64.Build.0 = Release|Any CPU
		{1D976518-8766-44DF-8DF9-636C8BD6FA24}.Release|x86.ActiveCfg = Release|Any CPU
		{1D976518-8766-44DF-8DF9-636C8BD6FA24}.Release|x86.Build.0 = Release|Any CPU
		{2FCB9157-85F9-4631-838D-89CAC323397E}.Debug|Any CPU.ActiveCfg = Debug|Any CPU
		{2FCB9157-85F9-4631-838D-89CAC323397E}.Debug|Any CPU.Build.0 = Debug|Any CPU
		{2FCB9157-85F9-4631-838D-89CAC323397E}.Debug|x64.ActiveCfg = Debug|Any CPU
		{2FCB9157-85F9-4631-838D-89CAC323397E}.Debug|x64.Build.0 = Debug|Any CPU
		{2FCB9157-85F9-4631-838D-89CAC323397E}.Debug|x86.ActiveCfg = Debug|Any CPU
		{2FCB9157-85F9-4631-838D-89CAC323397E}.Debug|x86.Build.0 = Debug|Any CPU
		{2FCB9157-85F9-4631-838D-89CAC323397E}.Release|Any CPU.ActiveCfg = Release|Any CPU
		{2FCB9157-85F9-4631-838D-89CAC323397E}.Release|Any CPU.Build.0 = Release|Any CPU
		{2FCB9157-85F9-4631-838D-89CAC323397E}.Release|x64.ActiveCfg = Release|Any CPU
		{2FCB9157-85F9-4631-838D-89CAC323397E}.Release|x64.Build.0 = Release|Any CPU
		{2FCB9157-85F9-4631-838D-89CAC323397E}.Release|x86.ActiveCfg = Release|Any CPU
		{2FCB9157-85F9-4631-838D-89CAC323397E}.Release|x86.Build.0 = Release|Any CPU
		{F61BD0F4-A382-48EC-B586-3E02466BE98A}.Debug|Any CPU.ActiveCfg = Debug|Any CPU
		{F61BD0F4-A382-48EC-B586-3E02466BE98A}.Debug|Any CPU.Build.0 = Debug|Any CPU
		{F61BD0F4-A382-48EC-B586-3E02466BE98A}.Debug|x64.ActiveCfg = Debug|Any CPU
		{F61BD0F4-A382-48EC-B586-3E02466BE98A}.Debug|x64.Build.0 = Debug|Any CPU
		{F61BD0F4-A382-48EC-B586-3E02466BE98A}.Debug|x86.ActiveCfg = Debug|Any CPU
		{F61BD0F4-A382-48EC-B586-3E02466BE98A}.Debug|x86.Build.0 = Debug|Any CPU
		{F61BD0F4-A382-48EC-B586-3E02466BE98A}.Release|Any CPU.ActiveCfg = Release|Any CPU
		{F61BD0F4-A382-48EC-B586-3E02466BE98A}.Release|Any CPU.Build.0 = Release|Any CPU
		{F61BD0F4-A382-48EC-B586-3E02466BE98A}.Release|x64.ActiveCfg = Release|Any CPU
		{F61BD0F4-A382-48EC-B586-3E02466BE98A}.Release|x64.Build.0 = Release|Any CPU
		{F61BD0F4-A382-48EC-B586-3E02466BE98A}.Release|x86.ActiveCfg = Release|Any CPU
		{F61BD0F4-A382-48EC-B586-3E02466BE98A}.Release|x86.Build.0 = Release|Any CPU
		{4D7DA60C-2B66-4E12-986F-F2A901B2F7E0}.Debug|Any CPU.ActiveCfg = Debug|Any CPU
		{4D7DA60C-2B66-4E12-986F-F2A901B2F7E0}.Debug|Any CPU.Build.0 = Debug|Any CPU
		{4D7DA60C-2B66-4E12-986F-F2A901B2F7E0}.Debug|x64.ActiveCfg = Debug|Any CPU
		{4D7DA60C-2B66-4E12-986F-F2A901B2F7E0}.Debug|x64.Build.0 = Debug|Any CPU
		{4D7DA60C-2B66-4E12-986F-F2A901B2F7E0}.Debug|x86.ActiveCfg = Debug|Any CPU
		{4D7DA60C-2B66-4E12-986F-F2A901B2F7E0}.Debug|x86.Build.0 = Debug|Any CPU
		{4D7DA60C-2B66-4E12-986F-F2A901B2F7E0}.Release|Any CPU.ActiveCfg = Release|Any CPU
		{4D7DA60C-2B66-4E12-986F-F2A901B2F7E0}.Release|Any CPU.Build.0 = Release|Any CPU
		{4D7DA60C-2B66-4E12-986F-F2A901B2F7E0}.Release|x64.ActiveCfg = Release|Any CPU
		{4D7DA60C-2B66-4E12-986F-F2A901B2F7E0}.Release|x64.Build.0 = Release|Any CPU
		{4D7DA60C-2B66-4E12-986F-F2A901B2F7E0}.Release|x86.ActiveCfg = Release|Any CPU
		{4D7DA60C-2B66-4E12-986F-F2A901B2F7E0}.Release|x86.Build.0 = Release|Any CPU
		{B8584170-3D77-4A0F-BD89-56C49AFF6069}.Debug|Any CPU.ActiveCfg = Debug|Any CPU
		{B8584170-3D77-4A0F-BD89-56C49AFF6069}.Debug|Any CPU.Build.0 = Debug|Any CPU
		{B8584170-3D77-4A0F-BD89-56C49AFF6069}.Debug|x64.ActiveCfg = Debug|Any CPU
		{B8584170-3D77-4A0F-BD89-56C49AFF6069}.Debug|x64.Build.0 = Debug|Any CPU
		{B8584170-3D77-4A0F-BD89-56C49AFF6069}.Debug|x86.ActiveCfg = Debug|Any CPU
		{B8584170-3D77-4A0F-BD89-56C49AFF6069}.Debug|x86.Build.0 = Debug|Any CPU
		{B8584170-3D77-4A0F-BD89-56C49AFF6069}.Release|Any CPU.ActiveCfg = Release|Any CPU
		{B8584170-3D77-4A0F-BD89-56C49AFF6069}.Release|Any CPU.Build.0 = Release|Any CPU
		{B8584170-3D77-4A0F-BD89-56C49AFF6069}.Release|x64.ActiveCfg = Release|Any CPU
		{B8584170-3D77-4A0F-BD89-56C49AFF6069}.Release|x64.Build.0 = Release|Any CPU
		{B8584170-3D77-4A0F-BD89-56C49AFF6069}.Release|x86.ActiveCfg = Release|Any CPU
		{B8584170-3D77-4A0F-BD89-56C49AFF6069}.Release|x86.Build.0 = Release|Any CPU
		{E5CA2CC4-D572-4606-8C7F-CE14B6A5BA4D}.Debug|Any CPU.ActiveCfg = Debug|Any CPU
		{E5CA2CC4-D572-4606-8C7F-CE14B6A5BA4D}.Debug|Any CPU.Build.0 = Debug|Any CPU
		{E5CA2CC4-D572-4606-8C7F-CE14B6A5BA4D}.Debug|x64.ActiveCfg = Debug|Any CPU
		{E5CA2CC4-D572-4606-8C7F-CE14B6A5BA4D}.Debug|x64.Build.0 = Debug|Any CPU
		{E5CA2CC4-D572-4606-8C7F-CE14B6A5BA4D}.Debug|x86.ActiveCfg = Debug|Any CPU
		{E5CA2CC4-D572-4606-8C7F-CE14B6A5BA4D}.Debug|x86.Build.0 = Debug|Any CPU
		{E5CA2CC4-D572-4606-8C7F-CE14B6A5BA4D}.Release|Any CPU.ActiveCfg = Release|Any CPU
		{E5CA2CC4-D572-4606-8C7F-CE14B6A5BA4D}.Release|Any CPU.Build.0 = Release|Any CPU
		{E5CA2CC4-D572-4606-8C7F-CE14B6A5BA4D}.Release|x64.ActiveCfg = Release|Any CPU
		{E5CA2CC4-D572-4606-8C7F-CE14B6A5BA4D}.Release|x64.Build.0 = Release|Any CPU
		{E5CA2CC4-D572-4606-8C7F-CE14B6A5BA4D}.Release|x86.ActiveCfg = Release|Any CPU
		{E5CA2CC4-D572-4606-8C7F-CE14B6A5BA4D}.Release|x86.Build.0 = Release|Any CPU
	EndGlobalSection
	GlobalSection(SolutionProperties) = preSolution
		HideSolutionNode = FALSE
	EndGlobalSection
	GlobalSection(ExtensibilityGlobals) = postSolution
		SolutionGuid = {5A7A7394-56CD-4BC3-89B0-33608B307B86}
	EndGlobalSection
EndGlobal
