
Microsoft Visual Studio Solution File, Format Version 12.00
# Visual Studio Version 16
VisualStudioVersion = 16.0.30204.135
MinimumVisualStudioVersion = 10.0.40219.1
Project("{9A19103F-16F7-4668-BE54-9A1E7A4F7556}") = "ConsoleTest", "ConsoleTest\ConsoleTest.csproj", "{5C5D581C-2979-4995-A837-F5EE210FC751}"
EndProject
Project("{9A19103F-16F7-4668-BE54-9A1E7A4F7556}") = "libplctag", "libplctag\libplctag.csproj", "{A488D8F2-712F-440E-9024-F27A75FEB171}"
EndProject
Global
	GlobalSection(SolutionConfigurationPlatforms) = preSolution
		Debug|Any CPU = Debug|Any CPU
		Release|Any CPU = Release|Any CPU
	EndGlobalSection
	GlobalSection(ProjectConfigurationPlatforms) = postSolution
		{5C5D581C-2979-4995-A837-F5EE210FC751}.Debug|Any CPU.ActiveCfg = Debug|Any CPU
		{5C5D581C-2979-4995-A837-F5EE210FC751}.Debug|Any CPU.Build.0 = Debug|Any CPU
		{5C5D581C-2979-4995-A837-F5EE210FC751}.Release|Any CPU.ActiveCfg = Release|Any CPU
		{5C5D581C-2979-4995-A837-F5EE210FC751}.Release|Any CPU.Build.0 = Release|Any CPU
		{A488D8F2-712F-440E-9024-F27A75FEB171}.Debug|Any CPU.ActiveCfg = Debug|Any CPU
		{A488D8F2-712F-440E-9024-F27A75FEB171}.Debug|Any CPU.Build.0 = Debug|Any CPU
		{A488D8F2-712F-440E-9024-F27A75FEB171}.Release|Any CPU.ActiveCfg = Release|Any CPU
		{A488D8F2-712F-440E-9024-F27A75FEB171}.Release|Any CPU.Build.0 = Release|Any CPU
	EndGlobalSection
	GlobalSection(SolutionProperties) = preSolution
		HideSolutionNode = FALSE
	EndGlobalSection
	GlobalSection(ExtensibilityGlobals) = postSolution
		SolutionGuid = {5A7A7394-56CD-4BC3-89B0-33608B307B86}
	EndGlobalSection
EndGlobal
