
Microsoft Visual Studio Solution File, Format Version 12.00
# Visual Studio Version 17
VisualStudioVersion = 17.2.32519.379
MinimumVisualStudioVersion = 10.0.40219.1
Project("{9A19103F-16F7-4668-BE54-9A1E7A4F7556}") = "libplctag", "libplctag\libplctag.csproj", "{A488D8F2-712F-440E-9024-F27A75FEB171}"
EndProject
Project("{9A19103F-16F7-4668-BE54-9A1E7A4F7556}") = "libplctag.NativeImport", "libplctag.NativeImport\libplctag.NativeImport.csproj", "{1D976518-8766-44DF-8DF9-636C8BD6FA24}"
EndProject
Project("{9A19103F-16F7-4668-BE54-9A1E7A4F7556}") = "libplctag.NativeImport.Tests", "libplctag.NativeImport.Tests\libplctag.NativeImport.Tests.csproj", "{59D7EBF0-6EBB-4D07-B136-8E80B018C81A}"
EndProject
Project("{9A19103F-16F7-4668-BE54-9A1E7A4F7556}") = "libplctag.NativeImport.Benchmarks", "libplctag.NativeImport.Benchmarks\libplctag.NativeImport.Benchmarks.csproj", "{547E83B4-75E2-42BC-A118-FF41BEF51339}"
EndProject
Project("{9A19103F-16F7-4668-BE54-9A1E7A4F7556}") = "libplctag.Tests", "libplctag.Tests\libplctag.Tests.csproj", "{2FCB9157-85F9-4631-838D-89CAC323397E}"
EndProject
Global
	GlobalSection(SolutionConfigurationPlatforms) = preSolution
		Debug|Any CPU = Debug|Any CPU
		Debug|x64 = Debug|x64
		Debug|x86 = Debug|x86
		Release|Any CPU = Release|Any CPU
		Release|x64 = Release|x64
		Release|x86 = Release|x86
	EndGlobalSection
	GlobalSection(ProjectConfigurationPlatforms) = postSolution
		{A488D8F2-712F-440E-9024-F27A75FEB171}.Debug|Any CPU.ActiveCfg = Debug|Any CPU
		{A488D8F2-712F-440E-9024-F27A75FEB171}.Debug|Any CPU.Build.0 = Debug|Any CPU
		{A488D8F2-712F-440E-9024-F27A75FEB171}.Debug|x64.ActiveCfg = Debug|Any CPU
		{A488D8F2-712F-440E-9024-F27A75FEB171}.Debug|x64.Build.0 = Debug|Any CPU
		{A488D8F2-712F-440E-9024-F27A75FEB171}.Debug|x86.ActiveCfg = Debug|Any CPU
		{A488D8F2-712F-440E-9024-F27A75FEB171}.Debug|x86.Build.0 = Debug|Any CPU
		{A488D8F2-712F-440E-9024-F27A75FEB171}.Release|Any CPU.ActiveCfg = Release|Any CPU
		{A488D8F2-712F-440E-9024-F27A75FEB171}.Release|Any CPU.Build.0 = Release|Any CPU
		{A488D8F2-712F-440E-9024-F27A75FEB171}.Release|x64.ActiveCfg = Release|Any CPU
		{A488D8F2-712F-440E-9024-F27A75FEB171}.Release|x64.Build.0 = Release|Any CPU
		{A488D8F2-712F-440E-9024-F27A75FEB171}.Release|x86.ActiveCfg = Release|Any CPU
		{A488D8F2-712F-440E-9024-F27A75FEB171}.Release|x86.Build.0 = Release|Any CPU
		{1D976518-8766-44DF-8DF9-636C8BD6FA24}.Debug|Any CPU.ActiveCfg = Debug|Any CPU
		{1D976518-8766-44DF-8DF9-636C8BD6FA24}.Debug|Any CPU.Build.0 = Debug|Any CPU
		{1D976518-8766-44DF-8DF9-636C8BD6FA24}.Debug|x64.ActiveCfg = Debug|Any CPU
		{1D976518-8766-44DF-8DF9-636C8BD6FA24}.Debug|x64.Build.0 = Debug|Any CPU
		{1D976518-8766-44DF-8DF9-636C8BD6FA24}.Debug|x86.ActiveCfg = Debug|Any CPU
		{1D976518-8766-44DF-8DF9-636C8BD6FA24}.Debug|x86.Build.0 = Debug|Any CPU
		{1D976518-8766-44DF-8DF9-636C8BD6FA24}.Release|Any CPU.ActiveCfg = Release|Any CPU
		{1D976518-8766-44DF-8DF9-636C8BD6FA24}.Release|Any CPU.Build.0 = Release|Any CPU
		{1D976518-8766-44DF-8DF9-636C8BD6FA24}.Release|x64.ActiveCfg = Release|Any CPU
		{1D976518-8766-44DF-8DF9-636C8BD6FA24}.Release|x64.Build.0 = Release|Any CPU
		{1D976518-8766-44DF-8DF9-636C8BD6FA24}.Release|x86.ActiveCfg = Release|Any CPU
		{1D976518-8766-44DF-8DF9-636C8BD6FA24}.Release|x86.Build.0 = Release|Any CPU
		{59D7EBF0-6EBB-4D07-B136-8E80B018C81A}.Debug|Any CPU.ActiveCfg = Debug|Any CPU
		{59D7EBF0-6EBB-4D07-B136-8E80B018C81A}.Debug|Any CPU.Build.0 = Debug|Any CPU
		{59D7EBF0-6EBB-4D07-B136-8E80B018C81A}.Debug|x64.ActiveCfg = Debug|Any CPU
		{59D7EBF0-6EBB-4D07-B136-8E80B018C81A}.Debug|x64.Build.0 = Debug|Any CPU
		{59D7EBF0-6EBB-4D07-B136-8E80B018C81A}.Debug|x86.ActiveCfg = Debug|Any CPU
		{59D7EBF0-6EBB-4D07-B136-8E80B018C81A}.Debug|x86.Build.0 = Debug|Any CPU
		{59D7EBF0-6EBB-4D07-B136-8E80B018C81A}.Release|Any CPU.ActiveCfg = Release|Any CPU
		{59D7EBF0-6EBB-4D07-B136-8E80B018C81A}.Release|Any CPU.Build.0 = Release|Any CPU
		{59D7EBF0-6EBB-4D07-B136-8E80B018C81A}.Release|x64.ActiveCfg = Release|Any CPU
		{59D7EBF0-6EBB-4D07-B136-8E80B018C81A}.Release|x64.Build.0 = Release|Any CPU
		{59D7EBF0-6EBB-4D07-B136-8E80B018C81A}.Release|x86.ActiveCfg = Release|Any CPU
		{59D7EBF0-6EBB-4D07-B136-8E80B018C81A}.Release|x86.Build.0 = Release|Any CPU
		{547E83B4-75E2-42BC-A118-FF41BEF51339}.Debug|Any CPU.ActiveCfg = Debug|Any CPU
		{547E83B4-75E2-42BC-A118-FF41BEF51339}.Debug|Any CPU.Build.0 = Debug|Any CPU
		{547E83B4-75E2-42BC-A118-FF41BEF51339}.Debug|x64.ActiveCfg = Debug|Any CPU
		{547E83B4-75E2-42BC-A118-FF41BEF51339}.Debug|x64.Build.0 = Debug|Any CPU
		{547E83B4-75E2-42BC-A118-FF41BEF51339}.Debug|x86.ActiveCfg = Debug|Any CPU
		{547E83B4-75E2-42BC-A118-FF41BEF51339}.Debug|x86.Build.0 = Debug|Any CPU
		{547E83B4-75E2-42BC-A118-FF41BEF51339}.Release|Any CPU.ActiveCfg = Release|Any CPU
		{547E83B4-75E2-42BC-A118-FF41BEF51339}.Release|Any CPU.Build.0 = Release|Any CPU
		{547E83B4-75E2-42BC-A118-FF41BEF51339}.Release|x64.ActiveCfg = Release|Any CPU
		{547E83B4-75E2-42BC-A118-FF41BEF51339}.Release|x64.Build.0 = Release|Any CPU
		{547E83B4-75E2-42BC-A118-FF41BEF51339}.Release|x86.ActiveCfg = Release|Any CPU
		{547E83B4-75E2-42BC-A118-FF41BEF51339}.Release|x86.Build.0 = Release|Any CPU
		{2FCB9157-85F9-4631-838D-89CAC323397E}.Debug|Any CPU.ActiveCfg = Debug|Any CPU
		{2FCB9157-85F9-4631-838D-89CAC323397E}.Debug|Any CPU.Build.0 = Debug|Any CPU
		{2FCB9157-85F9-4631-838D-89CAC323397E}.Debug|x64.ActiveCfg = Debug|Any CPU
		{2FCB9157-85F9-4631-838D-89CAC323397E}.Debug|x64.Build.0 = Debug|Any CPU
		{2FCB9157-85F9-4631-838D-89CAC323397E}.Debug|x86.ActiveCfg = Debug|Any CPU
		{2FCB9157-85F9-4631-838D-89CAC323397E}.Debug|x86.Build.0 = Debug|Any CPU
		{2FCB9157-85F9-4631-838D-89CAC323397E}.Release|Any CPU.ActiveCfg = Release|Any CPU
		{2FCB9157-85F9-4631-838D-89CAC323397E}.Release|Any CPU.Build.0 = Release|Any CPU
		{2FCB9157-85F9-4631-838D-89CAC323397E}.Release|x64.ActiveCfg = Release|Any CPU
		{2FCB9157-85F9-4631-838D-89CAC323397E}.Release|x64.Build.0 = Release|Any CPU
		{2FCB9157-85F9-4631-838D-89CAC323397E}.Release|x86.ActiveCfg = Release|Any CPU
		{2FCB9157-85F9-4631-838D-89CAC323397E}.Release|x86.Build.0 = Release|Any CPU
	EndGlobalSection
	GlobalSection(SolutionProperties) = preSolution
		HideSolutionNode = FALSE
	EndGlobalSection
	GlobalSection(ExtensibilityGlobals) = postSolution
		SolutionGuid = {5A7A7394-56CD-4BC3-89B0-33608B307B86}
	EndGlobalSection
EndGlobal
